
Microsoft Visual Studio Solution File, Format Version 12.00
# Visual Studio 15
VisualStudioVersion = 15.0.28307.421
MinimumVisualStudioVersion = 10.0.40219.1
Project("{FAE04EC0-301F-11D3-BF4B-00C04F79EFBC}") = "TTISDassignment2", "TTISDassignment2.csproj", "{CF758B57-D66E-4769-9320-EFE00C6ED5AE}"
EndProject
Global
	GlobalSection(SolutionConfigurationPlatforms) = preSolution
		Debug|Any CPU = Debug|Any CPU
		Release|Any CPU = Release|Any CPU
	EndGlobalSection
	GlobalSection(ProjectConfigurationPlatforms) = postSolution
		{CF758B57-D66E-4769-9320-EFE00C6ED5AE}.Debug|Any CPU.ActiveCfg = Debug|Any CPU
		{CF758B57-D66E-4769-9320-EFE00C6ED5AE}.Debug|Any CPU.Build.0 = Debug|Any CPU
		{CF758B57-D66E-4769-9320-EFE00C6ED5AE}.Release|Any CPU.ActiveCfg = Release|Any CPU
		{CF758B57-D66E-4769-9320-EFE00C6ED5AE}.Release|Any CPU.Build.0 = Release|Any CPU
	EndGlobalSection
	GlobalSection(SolutionProperties) = preSolution
		HideSolutionNode = FALSE
	EndGlobalSection
	GlobalSection(ExtensibilityGlobals) = postSolution
		SolutionGuid = {CAF31DB2-408B-4F33-AE25-7BDB0F569AFC}
	EndGlobalSection
EndGlobal
